
Microsoft Visual Studio Solution File, Format Version 12.00
# Visual Studio Version 17
VisualStudioVersion = 17.13.35919.96
MinimumVisualStudioVersion = 10.0.40219.1
Project("{8BC9CEB8-8B4A-11D0-8D11-00A0C91BC942}") = "HelloWorld", "HelloWorld.vcxproj", "{D19522AC-B493-46C1-9E6C-D8C6C0AD485E}"
EndProject
Project("{8BC9CEB8-8B4A-11D0-8D11-00A0C91BC942}") = "DataTypes", "..\DataTypes\DataTypes.vcxproj", "{45B3D495-2FD7-45B2-8CBA-75A0E3010E43}"
EndProject
Project("{8BC9CEB8-8B4A-11D0-8D11-00A0C91BC942}") = "UserDataTypes", "..\UserDataTypes\UserDataTypes.vcxproj", "{C3416893-DA64-401B-9191-C0C0FAF01505}"
EndProject
Project("{8BC9CEB8-8B4A-11D0-8D11-00A0C91BC942}") = "GuessingGame", "..\GuessingGame\GuessingGame.vcxproj", "{CADDD241-A229-4AC0-ADEA-799DA1548DB1}"
EndProject
Project("{8BC9CEB8-8B4A-11D0-8D11-00A0C91BC942}") = "Memory", "..\Memory\Memory.vcxproj", "{8DF4C72B-FC90-41E1-910F-E1239125F7F1}"
EndProject
Project("{8BC9CEB8-8B4A-11D0-8D11-00A0C91BC942}") = "MemoryReview", "..\MemoryReview\MemoryReview.vcxproj", "{2DEBCB06-4C72-4676-962E-A44815E4F7D3}"
EndProject
Project("{8BC9CEB8-8B4A-11D0-8D11-00A0C91BC942}") = "Containers", "..\Containers\Containers.vcxproj", "{3A109023-177B-4F90-8012-B6768EBFFF97}"
EndProject
Global
	GlobalSection(SolutionConfigurationPlatforms) = preSolution
		Debug|x64 = Debug|x64
		Debug|x86 = Debug|x86
		Release|x64 = Release|x64
		Release|x86 = Release|x86
	EndGlobalSection
	GlobalSection(ProjectConfigurationPlatforms) = postSolution
		{D19522AC-B493-46C1-9E6C-D8C6C0AD485E}.Debug|x64.ActiveCfg = Debug|x64
		{D19522AC-B493-46C1-9E6C-D8C6C0AD485E}.Debug|x64.Build.0 = Debug|x64
		{D19522AC-B493-46C1-9E6C-D8C6C0AD485E}.Debug|x86.ActiveCfg = Debug|Win32
		{D19522AC-B493-46C1-9E6C-D8C6C0AD485E}.Debug|x86.Build.0 = Debug|Win32
		{D19522AC-B493-46C1-9E6C-D8C6C0AD485E}.Release|x64.ActiveCfg = Release|x64
		{D19522AC-B493-46C1-9E6C-D8C6C0AD485E}.Release|x64.Build.0 = Release|x64
		{D19522AC-B493-46C1-9E6C-D8C6C0AD485E}.Release|x86.ActiveCfg = Release|Win32
		{D19522AC-B493-46C1-9E6C-D8C6C0AD485E}.Release|x86.Build.0 = Release|Win32
		{45B3D495-2FD7-45B2-8CBA-75A0E3010E43}.Debug|x64.ActiveCfg = Debug|x64
		{45B3D495-2FD7-45B2-8CBA-75A0E3010E43}.Debug|x64.Build.0 = Debug|x64
		{45B3D495-2FD7-45B2-8CBA-75A0E3010E43}.Debug|x86.ActiveCfg = Debug|Win32
		{45B3D495-2FD7-45B2-8CBA-75A0E3010E43}.Debug|x86.Build.0 = Debug|Win32
		{45B3D495-2FD7-45B2-8CBA-75A0E3010E43}.Release|x64.ActiveCfg = Release|x64
		{45B3D495-2FD7-45B2-8CBA-75A0E3010E43}.Release|x64.Build.0 = Release|x64
		{45B3D495-2FD7-45B2-8CBA-75A0E3010E43}.Release|x86.ActiveCfg = Release|Win32
		{45B3D495-2FD7-45B2-8CBA-75A0E3010E43}.Release|x86.Build.0 = Release|Win32
		{C3416893-DA64-401B-9191-C0C0FAF01505}.Debug|x64.ActiveCfg = Debug|x64
		{C3416893-DA64-401B-9191-C0C0FAF01505}.Debug|x64.Build.0 = Debug|x64
		{C3416893-DA64-401B-9191-C0C0FAF01505}.Debug|x86.ActiveCfg = Debug|Win32
		{C3416893-DA64-401B-9191-C0C0FAF01505}.Debug|x86.Build.0 = Debug|Win32
		{C3416893-DA64-401B-9191-C0C0FAF01505}.Release|x64.ActiveCfg = Release|x64
		{C3416893-DA64-401B-9191-C0C0FAF01505}.Release|x64.Build.0 = Release|x64
		{C3416893-DA64-401B-9191-C0C0FAF01505}.Release|x86.ActiveCfg = Release|Win32
		{C3416893-DA64-401B-9191-C0C0FAF01505}.Release|x86.Build.0 = Release|Win32
		{CADDD241-A229-4AC0-ADEA-799DA1548DB1}.Debug|x64.ActiveCfg = Debug|x64
		{CADDD241-A229-4AC0-ADEA-799DA1548DB1}.Debug|x64.Build.0 = Debug|x64
		{CADDD241-A229-4AC0-ADEA-799DA1548DB1}.Debug|x86.ActiveCfg = Debug|Win32
		{CADDD241-A229-4AC0-ADEA-799DA1548DB1}.Debug|x86.Build.0 = Debug|Win32
		{CADDD241-A229-4AC0-ADEA-799DA1548DB1}.Release|x64.ActiveCfg = Release|x64
		{CADDD241-A229-4AC0-ADEA-799DA1548DB1}.Release|x64.Build.0 = Release|x64
		{CADDD241-A229-4AC0-ADEA-799DA1548DB1}.Release|x86.ActiveCfg = Release|Win32
		{CADDD241-A229-4AC0-ADEA-799DA1548DB1}.Release|x86.Build.0 = Release|Win32
		{8DF4C72B-FC90-41E1-910F-E1239125F7F1}.Debug|x64.ActiveCfg = Debug|x64
		{8DF4C72B-FC90-41E1-910F-E1239125F7F1}.Debug|x64.Build.0 = Debug|x64
		{8DF4C72B-FC90-41E1-910F-E1239125F7F1}.Debug|x86.ActiveCfg = Debug|Win32
		{8DF4C72B-FC90-41E1-910F-E1239125F7F1}.Debug|x86.Build.0 = Debug|Win32
		{8DF4C72B-FC90-41E1-910F-E1239125F7F1}.Release|x64.ActiveCfg = Release|x64
		{8DF4C72B-FC90-41E1-910F-E1239125F7F1}.Release|x64.Build.0 = Release|x64
		{8DF4C72B-FC90-41E1-910F-E1239125F7F1}.Release|x86.ActiveCfg = Release|Win32
		{8DF4C72B-FC90-41E1-910F-E1239125F7F1}.Release|x86.Build.0 = Release|Win32
		{2DEBCB06-4C72-4676-962E-A44815E4F7D3}.Debug|x64.ActiveCfg = Debug|x64
		{2DEBCB06-4C72-4676-962E-A44815E4F7D3}.Debug|x64.Build.0 = Debug|x64
		{2DEBCB06-4C72-4676-962E-A44815E4F7D3}.Debug|x86.ActiveCfg = Debug|Win32
		{2DEBCB06-4C72-4676-962E-A44815E4F7D3}.Debug|x86.Build.0 = Debug|Win32
		{2DEBCB06-4C72-4676-962E-A44815E4F7D3}.Release|x64.ActiveCfg = Release|x64
		{2DEBCB06-4C72-4676-962E-A44815E4F7D3}.Release|x64.Build.0 = Release|x64
		{2DEBCB06-4C72-4676-962E-A44815E4F7D3}.Release|x86.ActiveCfg = Release|Win32
		{2DEBCB06-4C72-4676-962E-A44815E4F7D3}.Release|x86.Build.0 = Release|Win32
		{3A109023-177B-4F90-8012-B6768EBFFF97}.Debug|x64.ActiveCfg = Debug|x64
		{3A109023-177B-4F90-8012-B6768EBFFF97}.Debug|x64.Build.0 = Debug|x64
		{3A109023-177B-4F90-8012-B6768EBFFF97}.Debug|x86.ActiveCfg = Debug|Win32
		{3A109023-177B-4F90-8012-B6768EBFFF97}.Debug|x86.Build.0 = Debug|Win32
		{3A109023-177B-4F90-8012-B6768EBFFF97}.Release|x64.ActiveCfg = Release|x64
		{3A109023-177B-4F90-8012-B6768EBFFF97}.Release|x64.Build.0 = Release|x64
		{3A109023-177B-4F90-8012-B6768EBFFF97}.Release|x86.ActiveCfg = Release|Win32
		{3A109023-177B-4F90-8012-B6768EBFFF97}.Release|x86.Build.0 = Release|Win32
	EndGlobalSection
	GlobalSection(SolutionProperties) = preSolution
		HideSolutionNode = FALSE
	EndGlobalSection
	GlobalSection(ExtensibilityGlobals) = postSolution
		SolutionGuid = {41AE9FB7-389B-4513-92CF-9E36A2D6FFBA}
	EndGlobalSection
EndGlobal
